<?xml version="1.0" encoding="utf-8"?>
<Project ToolsVersion="4.0" xmlns="http://schemas.microsoft.com/developer/msbuild/2003">
  <ItemGroup>
    <Filter Include="assets">
      <UniqueIdentifier>{93995380-89BD-4b04-88EB-625FBE52EBFB}</UniqueIdentifier>
      <Extensions>h;hh;hpp;hxx;h++;hm;inl;inc;ipp;xsd</Extensions>
    </Filter>
    <Filter Include="src">
      <UniqueIdentifier>{67DA6AB6-F800-4c08-8B7A-83BB121AAD01}</UniqueIdentifier>
      <Extensions>rc;ico;cur;bmp;dlg;rc2;rct;bin;rgs;gif;jpg;jpeg;jpe;resx;tiff;tif;png;wav;mfcribbon-ms</Extensions>
    </Filter>
    <Filter Include="assets\shaders">
      <UniqueIdentifier>{b22d8f53-00a7-4491-b9dc-032e0012a5d0}</UniqueIdentifier>
    </Filter>
    <Filter Include="src\Components">
      <UniqueIdentifier>{75142e76-05f5-4221-90aa-7549b74bbd6a}</UniqueIdentifier>
    </Filter>
    <Filter Include="src\Layers">
      <UniqueIdentifier>{dcc096df-92fe-4baa-bc83-294870aad723}</UniqueIdentifier>
    </Filter>
    <Filter Include="src\States">
      <UniqueIdentifier>{601b6a6b-256e-4411-bb3a-c2975c45c5e9}</UniqueIdentifier>
    </Filter>
    <Filter Include="src\Renderer">
      <UniqueIdentifier>{de033ccb-f665-4504-b871-5b98b31ecd15}</UniqueIdentifier>
    </Filter>
    <Filter Include="src\Physics">
      <UniqueIdentifier>{239557ac-711e-401c-ae1f-b024dff647f0}</UniqueIdentifier>
    </Filter>
    <Filter Include="src\CharacterMoves">
      <UniqueIdentifier>{7932477a-3799-4ec1-ab14-d913069f8143}</UniqueIdentifier>
    </Filter>
    <Filter Include="src\BattleSystems">
      <UniqueIdentifier>{61a2e2be-1880-4d04-bfd6-b8a5dcd4c6b9}</UniqueIdentifier>
    </Filter>
    <Filter Include="src\Editor">
      <UniqueIdentifier>{fbdd6626-7250-4b66-a9d0-6bd2380b98f8}</UniqueIdentifier>
    </Filter>
    <Filter Include="src\CharacterPrefab">
      <UniqueIdentifier>{7f238e5f-2eaa-4dc0-8853-3a799245ca10}</UniqueIdentifier>
    </Filter>
  </ItemGroup>
  <ItemGroup>
    <None Include="assets\shaders\texture.frag">
      <Filter>assets\shaders</Filter>
    </None>
    <None Include="assets\shaders\texture.vert">
      <Filter>assets\shaders</Filter>
    </None>
    <None Include="assets\shaders\batch2.0.frag">
      <Filter>assets\shaders</Filter>
    </None>
    <None Include="assets\shaders\batch2.0.vert">
      <Filter>assets\shaders</Filter>
    </None>
    <None Include="assets\shaders\freetypetext.frag">
      <Filter>assets\shaders</Filter>
    </None>
    <None Include="assets\shaders\freetypetext.vert">
      <Filter>assets\shaders</Filter>
    </None>
  </ItemGroup>
  <ItemGroup>
    <ClInclude Include="src\Layers.h">
      <Filter>src</Filter>
    </ClInclude>
    <ClInclude Include="src\States.h">
      <Filter>src</Filter>
    </ClInclude>
    <ClInclude Include="src\Components\game.h">
      <Filter>src\Components</Filter>
    </ClInclude>
    <ClInclude Include="src\Components\rendering.h">
      <Filter>src\Components</Filter>
    </ClInclude>
    <ClInclude Include="src\States\mainstate.h">
      <Filter>src\States</Filter>
    </ClInclude>
    <ClInclude Include="src\Layers\base.h">
      <Filter>src\Layers</Filter>
    </ClInclude>
    <ClInclude Include="src\Renderer\sprite2d.h">
      <Filter>src\Renderer</Filter>
    </ClInclude>
    <ClInclude Include="src\Physics\box2d.h">
      <Filter>src\Physics</Filter>
    </ClInclude>
    <ClInclude Include="src\Components\physics.h">
      <Filter>src\Components</Filter>
    </ClInclude>
    <ClInclude Include="src\Components\battlecomponents.h">
      <Filter>src\Components</Filter>
    </ClInclude>
    <ClInclude Include="src\Layers\battle.h">
      <Filter>src\Layers</Filter>
    </ClInclude>
    <ClInclude Include="src\CharacterMoves\moves.h">
      <Filter>src\CharacterMoves</Filter>
    </ClInclude>
    <ClInclude Include="src\Renderer\battledisplay.h">
      <Filter>src\Renderer</Filter>
    </ClInclude>
    <ClInclude Include="src\BattleSystems\battlesystem.h">
      <Filter>src\BattleSystems</Filter>
    </ClInclude>
    <ClInclude Include="src\BattleSystems\targetingsystem.h">
      <Filter>src\BattleSystems</Filter>
    </ClInclude>
    <ClInclude Include="src\BattleSystems\turnorderdisplay.h">
      <Filter>src\BattleSystems</Filter>
    </ClInclude>
    <ClInclude Include="src\Layers\overworld.h">
      <Filter>src\Layers</Filter>
    </ClInclude>
    <ClInclude Include="src\BattleSystems\physicssystem.h">
      <Filter>src\BattleSystems</Filter>
    </ClInclude>
    <ClInclude Include="src\Components\characterinput.h">
      <Filter>src\Components</Filter>
    </ClInclude>
    <ClInclude Include="src\Layers\editorlayer.h">
      <Filter>src\Layers</Filter>
    </ClInclude>
    <ClInclude Include="src\Editor\hierarchyview.h">
      <Filter>src\Editor</Filter>
    </ClInclude>
    <ClInclude Include="src\Editor\editor.h">
      <Filter>src\Editor</Filter>
    </ClInclude>
    <ClInclude Include="src\Editor\inspector.h">
      <Filter>src\Editor</Filter>
    </ClInclude>
    <ClInclude Include="src\Editor\editorgui.h">
      <Filter>src\Editor</Filter>
    </ClInclude>
    <ClInclude Include="src\Editor\componentviewer.h">
      <Filter>src\Editor</Filter>
    </ClInclude>
    <ClInclude Include="src\Editor\assetbrowser.h">
      <Filter>src\Editor</Filter>
    </ClInclude>
    <ClInclude Include="src\Editor\editorpanel.h">
      <Filter>src\Editor</Filter>
    </ClInclude>
    <ClInclude Include="src\Editor\imguipayloads.h">
      <Filter>src\Editor</Filter>
    </ClInclude>
    <ClInclude Include="src\Editor\sceneview.h">
      <Filter>src\Editor</Filter>
    </ClInclude>
    <ClInclude Include="src\Editor\gameview.h">
      <Filter>src\Editor</Filter>
    </ClInclude>
    <ClInclude Include="src\Renderer\camera2d.h">
      <Filter>src\Renderer</Filter>
    </ClInclude>
    <ClInclude Include="src\Editor\prefabeditor.h">
      <Filter>src\Editor</Filter>
    </ClInclude>
    <ClInclude Include="src\CharacterPrefab\characterprefab.h">
      <Filter>src\CharacterPrefab</Filter>
    </ClInclude>
    <ClInclude Include="resource.h">
      <Filter>src</Filter>
    </ClInclude>
  </ItemGroup>
  <ItemGroup>
    <ClCompile Include="src\main.cpp">
      <Filter>src</Filter>
    </ClCompile>
    <ClCompile Include="src\Components\game.cpp">
      <Filter>src\Components</Filter>
    </ClCompile>
    <ClCompile Include="src\Components\rendering.cpp">
      <Filter>src\Components</Filter>
    </ClCompile>
    <ClCompile Include="src\States\mainstate.cpp">
      <Filter>src\States</Filter>
    </ClCompile>
    <ClCompile Include="src\Layers\base.cpp">
      <Filter>src\Layers</Filter>
    </ClCompile>
    <ClCompile Include="src\Renderer\sprite2d.cpp">
      <Filter>src\Renderer</Filter>
    </ClCompile>
    <ClCompile Include="src\Physics\box2d.cpp">
      <Filter>src\Physics</Filter>
    </ClCompile>
    <ClCompile Include="src\Components\physics.cpp">
      <Filter>src\Components</Filter>
    </ClCompile>
    <ClCompile Include="src\Components\battlecomponents.cpp">
      <Filter>src\Components</Filter>
    </ClCompile>
    <ClCompile Include="src\Layers\battle.cpp">
      <Filter>src\Layers</Filter>
    </ClCompile>
    <ClCompile Include="src\CharacterMoves\moves.cpp">
      <Filter>src\CharacterMoves</Filter>
    </ClCompile>
    <ClCompile Include="src\Renderer\battledisplay.cpp">
      <Filter>src\Renderer</Filter>
    </ClCompile>
    <ClCompile Include="src\BattleSystems\battlesystem.cpp">
      <Filter>src\BattleSystems</Filter>
    </ClCompile>
    <ClCompile Include="src\BattleSystems\targetingsystem.cpp">
      <Filter>src\BattleSystems</Filter>
    </ClCompile>
    <ClCompile Include="src\BattleSystems\turnorderdisplay.cpp">
      <Filter>src\BattleSystems</Filter>
    </ClCompile>
    <ClCompile Include="src\Layers\overworld.cpp">
      <Filter>src\Layers</Filter>
    </ClCompile>
    <ClCompile Include="src\BattleSystems\physicssystem.cpp">
      <Filter>src\BattleSystems</Filter>
    </ClCompile>
    <ClCompile Include="src\Components\characterinput.cpp">
      <Filter>src\Components</Filter>
    </ClCompile>
    <ClCompile Include="src\Layers\editorlayer.cpp">
      <Filter>src\Layers</Filter>
    </ClCompile>
    <ClCompile Include="src\Editor\hierarchyview.cpp">
      <Filter>src\Editor</Filter>
    </ClCompile>
    <ClCompile Include="src\Editor\editor.cpp">
      <Filter>src\Editor</Filter>
    </ClCompile>
    <ClCompile Include="src\Editor\inspector.cpp">
      <Filter>src\Editor</Filter>
    </ClCompile>
    <ClCompile Include="src\Editor\editorgui.cpp">
      <Filter>src\Editor</Filter>
    </ClCompile>
    <ClCompile Include="src\Editor\componentviewer.cpp">
      <Filter>src\Editor</Filter>
    </ClCompile>
    <ClCompile Include="src\Editor\assetbrowser.cpp">
      <Filter>src\Editor</Filter>
    </ClCompile>
    <ClCompile Include="src\Editor\sceneview.cpp">
      <Filter>src\Editor</Filter>
    </ClCompile>
    <ClCompile Include="src\Editor\gameview.cpp">
      <Filter>src\Editor</Filter>
    </ClCompile>
    <ClCompile Include="src\Renderer\camera2d.cpp">
      <Filter>src\Renderer</Filter>
    </ClCompile>
    <ClCompile Include="src\Editor\prefabeditor.cpp">
      <Filter>src\Editor</Filter>
    </ClCompile>
    <ClCompile Include="src\CharacterPrefab\characterprefab.cpp">
      <Filter>src\CharacterPrefab</Filter>
    </ClCompile>
  </ItemGroup>
  <ItemGroup>
    <ResourceCompile Include="icon.rc">
      <Filter>src</Filter>
    </ResourceCompile>
  </ItemGroup>
</Project>