<?xml version="1.0" encoding="utf-8"?>
<Project ToolsVersion="4.0" xmlns="http://schemas.microsoft.com/developer/msbuild/2003">
  <ItemGroup>
    <Filter Include="src">
      <UniqueIdentifier>{4FC737F1-C7A5-4376-A066-2A32D752A2FF}</UniqueIdentifier>
      <Extensions>cpp;c;cc;cxx;c++;cppm;ixx;def;odl;idl;hpj;bat;asm;asmx</Extensions>
    </Filter>
    <Filter Include="src\FlexEngine">
      <UniqueIdentifier>{ea189381-8b98-4629-8bbd-bcccca255934}</UniqueIdentifier>
    </Filter>
    <Filter Include="src\FlexEngine\Core">
      <UniqueIdentifier>{8524c619-366a-42ab-9476-4304994d5617}</UniqueIdentifier>
    </Filter>
    <Filter Include="third_party">
      <UniqueIdentifier>{2b0814a0-3edf-4f03-8bf5-5509d178d954}</UniqueIdentifier>
    </Filter>
    <Filter Include="third_party\glad">
      <UniqueIdentifier>{5f2433d9-19b2-434e-8089-21b4becec3fc}</UniqueIdentifier>
    </Filter>
    <Filter Include="src\FlexEngine\Reflection">
      <UniqueIdentifier>{e9041521-9d51-46c9-8a4b-f92edb080361}</UniqueIdentifier>
    </Filter>
    <Filter Include="src\FlexEngine\StateManager">
      <UniqueIdentifier>{fe3d65a9-3fdd-4ca6-9717-b72a808fbf2a}</UniqueIdentifier>
    </Filter>
    <Filter Include="src\FlexEngine\FlexMath">
      <UniqueIdentifier>{074c64d3-93c6-4963-a353-8f4f11343c1e}</UniqueIdentifier>
    </Filter>
    <Filter Include="src\FlexEngine\FlexECS">
      <UniqueIdentifier>{2e5cd5b6-0dbd-499e-b72e-fa402aee38a3}</UniqueIdentifier>
    </Filter>
    <Filter Include="src\FlexEngine\Wrapper">
      <UniqueIdentifier>{d1154156-d650-4268-b90f-1eb3ac8e9b9e}</UniqueIdentifier>
    </Filter>
    <Filter Include="src\FlexEngine\Renderer">
      <UniqueIdentifier>{d4c22a84-5513-4213-b9c8-b90e5aff99cb}</UniqueIdentifier>
    </Filter>
    <Filter Include="src\FlexEngine\Renderer\OpenGL">
      <UniqueIdentifier>{f25f8024-bc0e-4f2a-aa58-6323cfc9f33f}</UniqueIdentifier>
    </Filter>
    <Filter Include="src\FlexEngine\DataStructures">
      <UniqueIdentifier>{e2f4f80d-0a65-4a7f-8ca7-4e1832967dca}</UniqueIdentifier>
    </Filter>
    <Filter Include="src\FlexEngine\AssetManager">
      <UniqueIdentifier>{21c5c0a3-1d77-4018-8eac-f285cb506a86}</UniqueIdentifier>
    </Filter>
    <Filter Include="src\FlexEngine\FMOD">
      <UniqueIdentifier>{67fe59ca-fc79-45da-8672-f84c195c3eb0}</UniqueIdentifier>
    </Filter>
    <Filter Include="src\FlexEngine\Renderer\DebugRenderer">
      <UniqueIdentifier>{3792cc46-98cd-41a4-ab7a-6cba05726b5d}</UniqueIdentifier>
    </Filter>
  </ItemGroup>
  <ItemGroup>
    <ClCompile Include="src\pch.cpp">
      <Filter>src</Filter>
    </ClCompile>
    <ClCompile Include="src\FlexEngine\Core\window.cpp">
      <Filter>src\FlexEngine\Core</Filter>
    </ClCompile>
    <ClCompile Include="src\FlexEngine\Core\application.cpp">
      <Filter>src\FlexEngine\Core</Filter>
    </ClCompile>
    <ClCompile Include="..\third_party\src\glad\glad.c">
      <Filter>third_party\glad</Filter>
    </ClCompile>
    <ClCompile Include="src\FlexEngine\input.cpp">
      <Filter>src\FlexEngine</Filter>
    </ClCompile>
    <ClCompile Include="src\FlexEngine\flexlogger.cpp">
      <Filter>src\FlexEngine</Filter>
    </ClCompile>
    <ClCompile Include="src\FlexEngine\uuid.cpp">
      <Filter>src\FlexEngine</Filter>
    </ClCompile>
    <ClCompile Include="src\FlexEngine\Reflection\primitives.cpp">
      <Filter>src\FlexEngine\Reflection</Filter>
    </ClCompile>
    <ClCompile Include="src\FlexEngine\flexformatter.cpp">
      <Filter>src\FlexEngine</Filter>
    </ClCompile>
    <ClCompile Include="src\FlexEngine\Core\imguiwrapper.cpp">
      <Filter>src\FlexEngine\Core</Filter>
    </ClCompile>
    <ClCompile Include="src\FlexEngine\StateManager\statemanager.cpp">
      <Filter>src\FlexEngine\StateManager</Filter>
    </ClCompile>
    <ClCompile Include="src\FlexEngine\Core\layerstack.cpp">
      <Filter>src\FlexEngine\Core</Filter>
    </ClCompile>
    <ClCompile Include="src\FlexEngine\FlexMath\vector2.cpp">
      <Filter>src\FlexEngine\FlexMath</Filter>
    </ClCompile>
    <ClCompile Include="src\FlexEngine\FlexMath\vector3.cpp">
      <Filter>src\FlexEngine\FlexMath</Filter>
    </ClCompile>
    <ClCompile Include="src\FlexEngine\FlexMath\vector4.cpp">
      <Filter>src\FlexEngine\FlexMath</Filter>
    </ClCompile>
    <ClCompile Include="src\FlexEngine\FlexECS\entity.cpp">
      <Filter>src\FlexEngine\FlexECS</Filter>
    </ClCompile>
    <ClCompile Include="src\FlexEngine\FlexECS\scene.cpp">
      <Filter>src\FlexEngine\FlexECS</Filter>
    </ClCompile>
    <ClCompile Include="src\FlexEngine\FlexECS\datastructures.cpp">
      <Filter>src\FlexEngine\FlexECS</Filter>
    </ClCompile>
    <ClCompile Include="src\FlexEngine\Wrapper\file.cpp">
      <Filter>src\FlexEngine\Wrapper</Filter>
    </ClCompile>
    <ClCompile Include="src\FlexEngine\Wrapper\filelist.cpp">
      <Filter>src\FlexEngine\Wrapper</Filter>
    </ClCompile>
    <ClCompile Include="src\FlexEngine\Wrapper\path.cpp">
      <Filter>src\FlexEngine\Wrapper</Filter>
    </ClCompile>
    <ClCompile Include="src\FlexEngine\Wrapper\datetime.cpp">
      <Filter>src\FlexEngine\Wrapper</Filter>
    </ClCompile>
    <ClCompile Include="src\FlexEngine\Wrapper\date.cpp">
      <Filter>src\FlexEngine\Wrapper</Filter>
    </ClCompile>
    <ClCompile Include="src\FlexEngine\Core\frameratecontroller.cpp">
      <Filter>src\FlexEngine\Core</Filter>
    </ClCompile>
    <ClCompile Include="src\FlexEngine\Core\windowprops.cpp">
      <Filter>src\FlexEngine\Core</Filter>
    </ClCompile>
    <ClCompile Include="src\FlexEngine\Renderer\OpenGL\openglbuffer.cpp">
      <Filter>src\FlexEngine\Renderer\OpenGL</Filter>
    </ClCompile>
    <ClCompile Include="src\FlexEngine\Renderer\buffer.cpp">
      <Filter>src\FlexEngine\Renderer</Filter>
    </ClCompile>
    <ClCompile Include="src\FlexEngine\DataStructures\freequeue.cpp">
      <Filter>src\FlexEngine\DataStructures</Filter>
    </ClCompile>
    <ClCompile Include="src\FlexEngine\DataStructures\functionqueue.cpp">
      <Filter>src\FlexEngine\DataStructures</Filter>
    </ClCompile>
    <ClCompile Include="src\FlexEngine\Renderer\OpenGL\openglmesh.cpp">
      <Filter>src\FlexEngine\Renderer\OpenGL</Filter>
    </ClCompile>
    <ClCompile Include="src\FlexEngine\Renderer\OpenGL\openglshader.cpp">
      <Filter>src\FlexEngine\Renderer\OpenGL</Filter>
    </ClCompile>
    <ClCompile Include="src\FlexEngine\Renderer\OpenGL\opengltexture.cpp">
      <Filter>src\FlexEngine\Renderer\OpenGL</Filter>
    </ClCompile>
    <ClCompile Include="src\FlexEngine\Renderer\OpenGL\openglvertex.cpp">
      <Filter>src\FlexEngine\Renderer\OpenGL</Filter>
    </ClCompile>
    <ClCompile Include="src\FlexEngine\FlexMath\matrix4x4.cpp">
      <Filter>src\FlexEngine\FlexMath</Filter>
    </ClCompile>
    <ClCompile Include="src\FlexEngine\AssetManager\assetmanager.cpp">
      <Filter>src\FlexEngine\AssetManager</Filter>
    </ClCompile>
    <ClCompile Include="src\FlexEngine\Renderer\OpenGL\openglrenderer.cpp">
      <Filter>src\FlexEngine\Renderer\OpenGL</Filter>
    </ClCompile>
    <ClCompile Include="src\FlexEngine\FlexMath\mathconversions.cpp">
      <Filter>src\FlexEngine\FlexMath</Filter>
    </ClCompile>
    <ClCompile Include="src\FlexEngine\Wrapper\assimp.cpp">
      <Filter>src\FlexEngine\Wrapper</Filter>
    </ClCompile>
    <ClCompile Include="src\FlexEngine\Renderer\OpenGL\openglmaterial.cpp">
      <Filter>src\FlexEngine\Renderer\OpenGL</Filter>
    </ClCompile>
    <ClCompile Include="src\FlexEngine\Renderer\OpenGL\openglmodel.cpp">
      <Filter>src\FlexEngine\Renderer\OpenGL</Filter>
    </ClCompile>
    <ClCompile Include="src\FlexEngine\FlexMath\quaternion.cpp">
      <Filter>src\FlexEngine\FlexMath</Filter>
    </ClCompile>
    <ClCompile Include="src\FlexEngine\Wrapper\flexbase64.cpp">
      <Filter>src\FlexEngine\Wrapper</Filter>
    </ClCompile>
    <ClCompile Include="src\FlexEngine\FlexMath\mathfunctions.cpp">
      <Filter>src\FlexEngine\FlexMath</Filter>
    </ClCompile>
    <ClCompile Include="src\FlexEngine\flexid.cpp">
      <Filter>src\FlexEngine</Filter>
    </ClCompile>
    <ClCompile Include="src\FlexEngine\flexprefs.cpp">
      <Filter>src\FlexEngine</Filter>
    </ClCompile>
    <ClCompile Include="src\FlexEngine\Renderer\DebugRenderer\debugrenderer.cpp">
      <Filter>src\FlexEngine\Renderer\DebugRenderer</Filter>
    </ClCompile>
    <ClCompile Include="src\FlexEngine\Renderer\OpenGL\openglspriterenderer.cpp">
      <Filter>src\FlexEngine\Renderer\OpenGL</Filter>
    </ClCompile>
    <ClCompile Include="src\FlexEngine\FMOD\FMODWrapper.cpp">
      <Filter>src\FlexEngine\FMOD</Filter>
    </ClCompile>
    <ClCompile Include="src\FlexEngine\FMOD\Sound.cpp">
      <Filter>src\FlexEngine\FMOD</Filter>
    </ClCompile>
    <ClCompile Include="src\FlexEngine\flxdata.cpp">
      <Filter>src\FlexEngine</Filter>
    </ClCompile>
    <ClCompile Include="src\FlexEngine\Renderer\OpenGL\opengldebugrenderer.cpp">
      <Filter>src\FlexEngine\Renderer\OpenGL</Filter>
    </ClCompile>
    <ClCompile Include="src\FlexEngine\FlexMath\matrix3x3.cpp">
      <Filter>src\FlexEngine\FlexMath</Filter>
    </ClCompile>
    <ClCompile Include="src\FlexEngine\Renderer\OpenGL\openglfont.cpp">
      <Filter>src\FlexEngine\Renderer\OpenGL</Filter>
    </ClCompile>
    <ClCompile Include="src\FlexEngine\Renderer\OpenGL\opengltextrenderer.cpp">
      <Filter>src\FlexEngine\Renderer\OpenGL</Filter>
    </ClCompile>
    <ClCompile Include="src\FlexEngine\Renderer\cameramanager.cpp">
      <Filter>src\FlexEngine\Renderer</Filter>
    </ClCompile>
    <ClCompile Include="src\FlexEngine\flexprofiler.cpp">
      <Filter>src\FlexEngine</Filter>
    </ClCompile>
    <ClCompile Include="src\FlexEngine\Renderer\OpenGL\openglframebuffer.cpp">
      <Filter>src\FlexEngine\Renderer\OpenGL</Filter>
    </ClCompile>
    <ClCompile Include="src\FlexEngine\Renderer\OpenGL\openglpostprocessing.cpp">
      <Filter>src\FlexEngine\Renderer\OpenGL</Filter>
    </ClCompile>
  </ItemGroup>
  <ItemGroup>
    <ClInclude Include="src\pch.h">
      <Filter>src</Filter>
    </ClInclude>
    <ClInclude Include="src\FlexEngine.h">
      <Filter>src</Filter>
    </ClInclude>
    <ClInclude Include="src\FlexEngine\Core\window.h">
      <Filter>src\FlexEngine\Core</Filter>
    </ClInclude>
    <ClInclude Include="src\FlexEngine\Core\application.h">
      <Filter>src\FlexEngine\Core</Filter>
    </ClInclude>
    <ClInclude Include="src\FlexEngine\Core\entrypoint.h">
      <Filter>src\FlexEngine\Core</Filter>
    </ClInclude>
    <ClInclude Include="src\FlexEngine\timer.h">
      <Filter>src\FlexEngine</Filter>
    </ClInclude>
    <ClInclude Include="src\FlexEngine\input.h">
      <Filter>src\FlexEngine</Filter>
    </ClInclude>
    <ClInclude Include="src\FlexEngine\flexlogger.h">
      <Filter>src\FlexEngine</Filter>
    </ClInclude>
    <ClInclude Include="src\FlexEngine\uuid.h">
      <Filter>src\FlexEngine</Filter>
    </ClInclude>
    <ClInclude Include="src\FlexEngine\Reflection\base.h">
      <Filter>src\FlexEngine\Reflection</Filter>
    </ClInclude>
    <ClInclude Include="src\FlexEngine\flexformatter.h">
      <Filter>src\FlexEngine</Filter>
    </ClInclude>
    <ClInclude Include="src\FlexEngine\Core\imguiwrapper.h">
      <Filter>src\FlexEngine\Core</Filter>
    </ClInclude>
    <ClInclude Include="src\FlexEngine\StateManager\state.h">
      <Filter>src\FlexEngine\StateManager</Filter>
    </ClInclude>
    <ClInclude Include="src\FlexEngine\StateManager\statemanager.h">
      <Filter>src\FlexEngine\StateManager</Filter>
    </ClInclude>
    <ClInclude Include="src\FlexEngine\Core\layer.h">
      <Filter>src\FlexEngine\Core</Filter>
    </ClInclude>
    <ClInclude Include="src\FlexEngine\Core\layerstack.h">
      <Filter>src\FlexEngine\Core</Filter>
    </ClInclude>
    <ClInclude Include="src\FlexEngine\FlexMath\mathconstants.h">
      <Filter>src\FlexEngine\FlexMath</Filter>
    </ClInclude>
    <ClInclude Include="src\FlexEngine\FlexMath\vector2.h">
      <Filter>src\FlexEngine\FlexMath</Filter>
    </ClInclude>
    <ClInclude Include="src\FlexEngine\FlexMath\vector3.h">
      <Filter>src\FlexEngine\FlexMath</Filter>
    </ClInclude>
    <ClInclude Include="src\FlexEngine\FlexMath\vector4.h">
      <Filter>src\FlexEngine\FlexMath</Filter>
    </ClInclude>
    <ClInclude Include="src\FlexEngine\FlexECS\datastructures.h">
      <Filter>src\FlexEngine\FlexECS</Filter>
    </ClInclude>
    <ClInclude Include="src\flx_api.h">
      <Filter>src</Filter>
    </ClInclude>
    <ClInclude Include="src\FlexEngine\Wrapper\file.h">
      <Filter>src\FlexEngine\Wrapper</Filter>
    </ClInclude>
    <ClInclude Include="src\FlexEngine\Wrapper\filelist.h">
      <Filter>src\FlexEngine\Wrapper</Filter>
    </ClInclude>
    <ClInclude Include="src\FlexEngine\Wrapper\path.h">
      <Filter>src\FlexEngine\Wrapper</Filter>
    </ClInclude>
    <ClInclude Include="src\FlexEngine\Wrapper\datetime.h">
      <Filter>src\FlexEngine\Wrapper</Filter>
    </ClInclude>
    <ClInclude Include="src\FlexEngine\Wrapper\flexassert.h">
      <Filter>src\FlexEngine\Wrapper</Filter>
    </ClInclude>
    <ClInclude Include="src\FlexEngine\Wrapper\ansi_color.h">
      <Filter>src\FlexEngine\Wrapper</Filter>
    </ClInclude>
    <ClInclude Include="src\FlexEngine\Core\frameratecontroller.h">
      <Filter>src\FlexEngine\Core</Filter>
    </ClInclude>
    <ClInclude Include="src\FlexEngine\Renderer\buffer.h">
      <Filter>src\FlexEngine\Renderer</Filter>
    </ClInclude>
    <ClInclude Include="src\FlexEngine\Renderer\OpenGL\openglbuffer.h">
      <Filter>src\FlexEngine\Renderer\OpenGL</Filter>
    </ClInclude>
    <ClInclude Include="src\FlexEngine\DataStructures\freequeue.h">
      <Filter>src\FlexEngine\DataStructures</Filter>
    </ClInclude>
    <ClInclude Include="src\FlexEngine\DataStructures\functionqueue.h">
      <Filter>src\FlexEngine\DataStructures</Filter>
    </ClInclude>
    <ClInclude Include="src\FlexEngine\Renderer\OpenGL\openglmesh.h">
      <Filter>src\FlexEngine\Renderer\OpenGL</Filter>
    </ClInclude>
    <ClInclude Include="src\FlexEngine\Renderer\OpenGL\openglshader.h">
      <Filter>src\FlexEngine\Renderer\OpenGL</Filter>
    </ClInclude>
    <ClInclude Include="src\FlexEngine\Renderer\OpenGL\opengltexture.h">
      <Filter>src\FlexEngine\Renderer\OpenGL</Filter>
    </ClInclude>
    <ClInclude Include="src\FlexEngine\Renderer\OpenGL\openglvertex.h">
      <Filter>src\FlexEngine\Renderer\OpenGL</Filter>
    </ClInclude>
    <ClInclude Include="src\FlexEngine\FlexMath\matrix4x4.h">
      <Filter>src\FlexEngine\FlexMath</Filter>
    </ClInclude>
    <ClInclude Include="src\FlexEngine\AssetManager\assetmanager.h">
      <Filter>src\FlexEngine\AssetManager</Filter>
    </ClInclude>
    <ClInclude Include="src\FlexEngine\Renderer\OpenGL\openglrenderer.h">
      <Filter>src\FlexEngine\Renderer\OpenGL</Filter>
    </ClInclude>
    <ClInclude Include="src\FlexEngine\FlexMath\mathconversions.h">
      <Filter>src\FlexEngine\FlexMath</Filter>
    </ClInclude>
    <ClInclude Include="src\FlexEngine\FlexMath\vector1.h">
      <Filter>src\FlexEngine\FlexMath</Filter>
    </ClInclude>
    <ClInclude Include="src\FlexEngine\FlexMath\matrix1x1.h">
      <Filter>src\FlexEngine\FlexMath</Filter>
    </ClInclude>
    <ClInclude Include="src\FlexEngine\Wrapper\simd.h">
      <Filter>src\FlexEngine\Wrapper</Filter>
    </ClInclude>
    <ClInclude Include="src\FlexEngine\Wrapper\assimp.h">
      <Filter>src\FlexEngine\Wrapper</Filter>
    </ClInclude>
    <ClInclude Include="src\FlexEngine\Renderer\OpenGL\openglmaterial.h">
      <Filter>src\FlexEngine\Renderer\OpenGL</Filter>
    </ClInclude>
    <ClInclude Include="src\FlexEngine\Renderer\OpenGL\openglmodel.h">
      <Filter>src\FlexEngine\Renderer\OpenGL</Filter>
    </ClInclude>
    <ClInclude Include="src\FlexEngine\AssetManager\assetkey.h">
      <Filter>src\FlexEngine\AssetManager</Filter>
    </ClInclude>
    <ClInclude Include="src\FlexEngine\FlexMath\quaternion.h">
      <Filter>src\FlexEngine\FlexMath</Filter>
    </ClInclude>
    <ClInclude Include="src\FlexEngine\Wrapper\flexbase64.h">
      <Filter>src\FlexEngine\Wrapper</Filter>
    </ClInclude>
    <ClInclude Include="src\flx_windows.h">
      <Filter>src</Filter>
    </ClInclude>
    <ClInclude Include="src\FlexEngine\FlexMath\mathfunctions.h">
      <Filter>src\FlexEngine\FlexMath</Filter>
    </ClInclude>
    <ClInclude Include="src\FlexEngine\flexid.h">
      <Filter>src\FlexEngine</Filter>
    </ClInclude>
    <ClInclude Include="src\FlexEngine\DataStructures\range.h">
      <Filter>src\FlexEngine\DataStructures</Filter>
    </ClInclude>
    <ClInclude Include="src\FlexEngine\flexprefs.h">
      <Filter>src\FlexEngine</Filter>
    </ClInclude>
    <ClInclude Include="src\FlexEngine\Renderer\DebugRenderer\debugrenderer.h">
      <Filter>src\FlexEngine\Renderer\DebugRenderer</Filter>
    </ClInclude>
    <ClInclude Include="src\FlexEngine\Renderer\OpenGL\openglspriterenderer.h">
      <Filter>src\FlexEngine\Renderer\OpenGL</Filter>
    </ClInclude>
    <ClInclude Include="src\FlexEngine\FMOD\FMODWrapper.h">
      <Filter>src\FlexEngine\FMOD</Filter>
    </ClInclude>
    <ClInclude Include="src\FlexEngine\FMOD\Sound.h">
      <Filter>src\FlexEngine\FMOD</Filter>
    </ClInclude>
    <ClInclude Include="src\FlexEngine\flxdata.h">
      <Filter>src\FlexEngine</Filter>
    </ClInclude>
    <ClInclude Include="src\FlexEngine\Renderer\OpenGL\opengldebugrenderer.h">
      <Filter>src\FlexEngine\Renderer\OpenGL</Filter>
    </ClInclude>
    <ClInclude Include="src\FlexEngine\FlexMath\matrix3x3.h">
      <Filter>src\FlexEngine\FlexMath</Filter>
    </ClInclude>
    <ClInclude Include="src\FlexEngine\Renderer\alphabetstorage.h">
      <Filter>src\FlexEngine\Renderer</Filter>
    </ClInclude>
    <ClInclude Include="src\FlexEngine\Renderer\OpenGL\openglfont.h">
      <Filter>src\FlexEngine\Renderer\OpenGL</Filter>
    </ClInclude>
    <ClInclude Include="src\FlexEngine\Renderer\OpenGL\opengltextrenderer.h">
      <Filter>src\FlexEngine\Renderer\OpenGL</Filter>
    </ClInclude>
    <ClInclude Include="src\FlexEngine\Renderer\cameramanager.h">
      <Filter>src\FlexEngine\Renderer</Filter>
    </ClInclude>
    <ClInclude Include="src\FlexEngine\flexprofiler.h">
      <Filter>src\FlexEngine</Filter>
    </ClInclude>
    <ClInclude Include="src\FlexEngine\Renderer\OpenGL\openglframebuffer.h">
      <Filter>src\FlexEngine\Renderer\OpenGL</Filter>
    </ClInclude>
    <ClInclude Include="src\FlexEngine\Renderer\OpenGL\openglpostprocessing.h">
      <Filter>src\FlexEngine\Renderer\OpenGL</Filter>
    </ClInclude>
  </ItemGroup>
  <ItemGroup>
    <None Include="src\FlexEngine\FlexECS\entity.inl">
      <Filter>src\FlexEngine\FlexECS</Filter>
    </None>
    <None Include="src\FlexEngine\FlexECS\scene.inl">
      <Filter>src\FlexEngine\FlexECS</Filter>
    </None>
  </ItemGroup>
</Project>