<?xml version="1.0" encoding="utf-8"?>
<Project ToolsVersion="4.0" xmlns="http://schemas.microsoft.com/developer/msbuild/2003">
  <ItemGroup>
    <Filter Include="src">
      <UniqueIdentifier>{4FC737F1-C7A5-4376-A066-2A32D752A2FF}</UniqueIdentifier>
      <Extensions>cpp;c;cc;cxx;c++;cppm;ixx;def;odl;idl;hpj;bat;asm;asmx</Extensions>
    </Filter>
    <Filter Include="src\FlexEngine">
      <UniqueIdentifier>{ea189381-8b98-4629-8bbd-bcccca255934}</UniqueIdentifier>
    </Filter>
    <Filter Include="src\FlexEngine\Core">
      <UniqueIdentifier>{8524c619-366a-42ab-9476-4304994d5617}</UniqueIdentifier>
    </Filter>
    <Filter Include="third_party">
      <UniqueIdentifier>{2b0814a0-3edf-4f03-8bf5-5509d178d954}</UniqueIdentifier>
    </Filter>
    <Filter Include="third_party\glad">
      <UniqueIdentifier>{5f2433d9-19b2-434e-8089-21b4becec3fc}</UniqueIdentifier>
    </Filter>
    <Filter Include="src\FlexEngine\Loader">
      <UniqueIdentifier>{af4987ea-e5b4-45ee-bde7-d86af28bbe18}</UniqueIdentifier>
    </Filter>
    <Filter Include="src\FlexEngine\Reflection">
      <UniqueIdentifier>{e9041521-9d51-46c9-8a4b-f92edb080361}</UniqueIdentifier>
    </Filter>
    <Filter Include="src\FlexEngine\StateManager">
      <UniqueIdentifier>{fe3d65a9-3fdd-4ca6-9717-b72a808fbf2a}</UniqueIdentifier>
    </Filter>
    <Filter Include="src\FlexEngine\FlexMath">
      <UniqueIdentifier>{074c64d3-93c6-4963-a353-8f4f11343c1e}</UniqueIdentifier>
    </Filter>
    <Filter Include="src\FlexEngine\Component">
      <UniqueIdentifier>{056a8a36-4ac8-4d06-acb5-bd1ac0bc8b49}</UniqueIdentifier>
    </Filter>
  </ItemGroup>
  <ItemGroup>
    <ClCompile Include="src\pch.cpp">
      <Filter>src</Filter>
    </ClCompile>
    <ClCompile Include="src\FlexEngine\Core\window.cpp">
      <Filter>src\FlexEngine\Core</Filter>
    </ClCompile>
    <ClCompile Include="src\FlexEngine\Core\application.cpp">
      <Filter>src\FlexEngine\Core</Filter>
    </ClCompile>
    <ClCompile Include="..\third_party\src\glad\glad.c">
      <Filter>third_party\glad</Filter>
    </ClCompile>
    <ClCompile Include="src\FlexEngine\playerprefs.cpp">
      <Filter>src\FlexEngine</Filter>
    </ClCompile>
    <ClCompile Include="src\FlexEngine\input.cpp">
      <Filter>src\FlexEngine</Filter>
    </ClCompile>
    <ClCompile Include="src\FlexEngine\flexlogger.cpp">
      <Filter>src\FlexEngine</Filter>
    </ClCompile>
    <ClCompile Include="src\FlexEngine\Loader\shaders.cpp">
      <Filter>src\FlexEngine\Loader</Filter>
    </ClCompile>
    <ClCompile Include="src\FlexEngine\Loader\textures.cpp">
      <Filter>src\FlexEngine\Loader</Filter>
    </ClCompile>
    <ClCompile Include="src\FlexEngine\freequeue.cpp">
      <Filter>src\FlexEngine</Filter>
    </ClCompile>
    <ClCompile Include="src\FlexEngine\functionqueue.cpp">
      <Filter>src\FlexEngine</Filter>
    </ClCompile>
    <ClCompile Include="src\FlexEngine\Loader\fmodstudio.cpp">
      <Filter>src\FlexEngine\Loader</Filter>
    </ClCompile>
    <ClCompile Include="src\FlexEngine\uuid.cpp">
      <Filter>src\FlexEngine</Filter>
    </ClCompile>
    <ClCompile Include="src\FlexEngine\Reflection\primitives.cpp">
      <Filter>src\FlexEngine\Reflection</Filter>
    </ClCompile>
    <ClCompile Include="src\FlexEngine\flexformatter.cpp">
      <Filter>src\FlexEngine</Filter>
    </ClCompile>
    <ClCompile Include="src\FlexEngine\datetime.cpp">
      <Filter>src\FlexEngine</Filter>
    </ClCompile>
    <ClCompile Include="src\FlexEngine\Core\imguiwrapper.cpp">
      <Filter>src\FlexEngine\Core</Filter>
    </ClCompile>
    <ClCompile Include="src\FlexEngine\StateManager\statemanager.cpp">
      <Filter>src\FlexEngine\StateManager</Filter>
    </ClCompile>
    <ClCompile Include="src\FlexEngine\Core\layerstack.cpp">
      <Filter>src\FlexEngine\Core</Filter>
    </ClCompile>
    <ClCompile Include="src\FlexEngine\FlexMath\vector2.cpp">
      <Filter>src\FlexEngine\FlexMath</Filter>
    </ClCompile>
    <ClCompile Include="src\FlexEngine\FlexMath\vector3.cpp">
      <Filter>src\FlexEngine\FlexMath</Filter>
    </ClCompile>
    <ClCompile Include="src\FlexEngine\FlexMath\vector4.cpp">
      <Filter>src\FlexEngine\FlexMath</Filter>
    </ClCompile>
    <ClCompile Include="src\FlexEngine\Component\transform.cpp">
      <Filter>src\FlexEngine\Component</Filter>
    </ClCompile>
    <ClCompile Include="src\FlexEngine\Core\ecs.cpp">
      <Filter>src\FlexEngine\Core</Filter>
    </ClCompile>
    <ClCompile Include="src\FlexEngine\Core\entity.cpp">
      <Filter>src\FlexEngine\Core</Filter>
    </ClCompile>
  </ItemGroup>
  <ItemGroup>
    <ClInclude Include="src\pch.h">
      <Filter>src</Filter>
    </ClInclude>
    <ClInclude Include="src\FlexEngine.h">
      <Filter>src</Filter>
    </ClInclude>
    <ClInclude Include="src\FlexEngine\Core\window.h">
      <Filter>src\FlexEngine\Core</Filter>
    </ClInclude>
    <ClInclude Include="src\FlexEngine\Core\application.h">
      <Filter>src\FlexEngine\Core</Filter>
    </ClInclude>
    <ClInclude Include="src\FlexEngine\Core\entrypoint.h">
      <Filter>src\FlexEngine\Core</Filter>
    </ClInclude>
    <ClInclude Include="src\FlexEngine\Loader\shaders.h">
      <Filter>src\FlexEngine\Loader</Filter>
    </ClInclude>
    <ClInclude Include="src\FlexEngine\Loader\gltf.h">
      <Filter>src\FlexEngine\Loader</Filter>
    </ClInclude>
    <ClInclude Include="src\FlexEngine\playerprefs.h">
      <Filter>src\FlexEngine</Filter>
    </ClInclude>
    <ClInclude Include="src\FlexEngine\timer.h">
      <Filter>src\FlexEngine</Filter>
    </ClInclude>
    <ClInclude Include="src\FlexEngine\input.h">
      <Filter>src\FlexEngine</Filter>
    </ClInclude>
    <ClInclude Include="src\FlexEngine\flexlogger.h">
      <Filter>src\FlexEngine</Filter>
    </ClInclude>
    <ClInclude Include="src\FlexEngine\Loader\files.h">
      <Filter>src\FlexEngine\Loader</Filter>
    </ClInclude>
    <ClInclude Include="src\FlexEngine\Loader\textures.h">
      <Filter>src\FlexEngine\Loader</Filter>
    </ClInclude>
    <ClInclude Include="src\FlexEngine\freequeue.h">
      <Filter>src\FlexEngine</Filter>
    </ClInclude>
    <ClInclude Include="src\FlexEngine\functionqueue.h">
      <Filter>src\FlexEngine</Filter>
    </ClInclude>
    <ClInclude Include="src\FlexEngine\flexassert.h">
      <Filter>src\FlexEngine</Filter>
    </ClInclude>
    <ClInclude Include="src\FlexEngine\Loader\fmodstudio.h">
      <Filter>src\FlexEngine\Loader</Filter>
    </ClInclude>
    <ClInclude Include="src\FlexEngine\uuid.h">
      <Filter>src\FlexEngine</Filter>
    </ClInclude>
    <ClInclude Include="src\FlexEngine\Core\components.h">
      <Filter>src\FlexEngine\Core</Filter>
    </ClInclude>
    <ClInclude Include="src\FlexEngine\Reflection\base.h">
      <Filter>src\FlexEngine\Reflection</Filter>
    </ClInclude>
    <ClInclude Include="src\FlexEngine\flexformatter.h">
      <Filter>src\FlexEngine</Filter>
    </ClInclude>
    <ClInclude Include="src\FlexEngine\datetime.h">
      <Filter>src\FlexEngine</Filter>
    </ClInclude>
    <ClInclude Include="src\FlexEngine\Core\imguiwrapper.h">
      <Filter>src\FlexEngine\Core</Filter>
    </ClInclude>
    <ClInclude Include="src\FlexEngine\StateManager\state.h">
      <Filter>src\FlexEngine\StateManager</Filter>
    </ClInclude>
    <ClInclude Include="src\FlexEngine\StateManager\statemanager.h">
      <Filter>src\FlexEngine\StateManager</Filter>
    </ClInclude>
    <ClInclude Include="src\FlexEngine\Core\layer.h">
      <Filter>src\FlexEngine\Core</Filter>
    </ClInclude>
    <ClInclude Include="src\FlexEngine\Core\layerstack.h">
      <Filter>src\FlexEngine\Core</Filter>
    </ClInclude>
    <ClInclude Include="src\FlexEngine\FlexMath\values.h">
      <Filter>src\FlexEngine\FlexMath</Filter>
    </ClInclude>
    <ClInclude Include="src\FlexEngine\FlexMath\vector2.h">
      <Filter>src\FlexEngine\FlexMath</Filter>
    </ClInclude>
    <ClInclude Include="src\FlexEngine\FlexMath\vector3.h">
      <Filter>src\FlexEngine\FlexMath</Filter>
    </ClInclude>
    <ClInclude Include="src\FlexEngine\FlexMath\vector4.h">
      <Filter>src\FlexEngine\FlexMath</Filter>
    </ClInclude>
    <ClInclude Include="src\FlexEngine\Component\transform.h">
      <Filter>src\FlexEngine\Component</Filter>
    </ClInclude>
    <ClInclude Include="src\FlexEngine\Core\ecs.h">
      <Filter>src\FlexEngine\Core</Filter>
    </ClInclude>
    <ClInclude Include="src\FlexEngine\ansi_color.h">
      <Filter>src\FlexEngine</Filter>
    </ClInclude>
    <ClInclude Include="src\FlexEngine\Core\entity.h">
      <Filter>src\FlexEngine\Core</Filter>
    </ClInclude>
  </ItemGroup>
</Project>