<?xml version="1.0" encoding="utf-8"?>
<Project ToolsVersion="4.0" xmlns="http://schemas.microsoft.com/developer/msbuild/2003">
  <ItemGroup>
    <Filter Include="src">
      <UniqueIdentifier>{4FC737F1-C7A5-4376-A066-2A32D752A2FF}</UniqueIdentifier>
      <Extensions>cpp;c;cc;cxx;c++;cppm;ixx;def;odl;idl;hpj;bat;asm;asmx</Extensions>
    </Filter>
    <Filter Include="assets">
      <UniqueIdentifier>{de088b15-461b-405a-b9be-22a0a91e756c}</UniqueIdentifier>
    </Filter>
    <Filter Include="assets\shaders">
      <UniqueIdentifier>{80b444c8-4681-4444-aeb4-f723ba1d8e15}</UniqueIdentifier>
    </Filter>
    <Filter Include="src\Layers">
      <UniqueIdentifier>{5be727a7-0a49-4108-810b-c937c23b98c4}</UniqueIdentifier>
    </Filter>
    <Filter Include="src\States">
      <UniqueIdentifier>{b19e1266-ff24-41fd-8b87-14aa6a839d28}</UniqueIdentifier>
    </Filter>
  </ItemGroup>
  <ItemGroup>
    <ClCompile Include="src\main.cpp">
      <Filter>src</Filter>
    </ClCompile>
    <ClCompile Include="src\Layers\editorui.cpp">
      <Filter>src\Layers</Filter>
    </ClCompile>
    <ClCompile Include="src\Layers\splashscreen.cpp">
      <Filter>src\Layers</Filter>
    </ClCompile>
    <ClCompile Include="src\States\splash.cpp">
      <Filter>src\States</Filter>
    </ClCompile>
    <ClCompile Include="src\States\editor.cpp">
      <Filter>src\States</Filter>
    </ClCompile>
  </ItemGroup>
  <ItemGroup>
    <None Include="assets\shaders\color.frag">
      <Filter>assets\shaders</Filter>
    </None>
    <None Include="assets\shaders\color.vert">
      <Filter>assets\shaders</Filter>
    </None>
    <None Include="assets\shaders\texture.frag">
      <Filter>assets\shaders</Filter>
    </None>
    <None Include="assets\shaders\texture.vert">
      <Filter>assets\shaders</Filter>
    </None>
  </ItemGroup>
  <ItemGroup>
    <ClInclude Include="src\Layers\editorui.h">
      <Filter>src\Layers</Filter>
    </ClInclude>
    <ClInclude Include="src\Layers\splashscreen.h">
      <Filter>src\Layers</Filter>
    </ClInclude>
    <ClInclude Include="src\States\splash.h">
      <Filter>src\States</Filter>
    </ClInclude>
    <ClInclude Include="src\States\editor.h">
      <Filter>src\States</Filter>
    </ClInclude>
    <ClInclude Include="src\Layers.h">
      <Filter>src</Filter>
    </ClInclude>
    <ClInclude Include="src\States.h">
      <Filter>src</Filter>
    </ClInclude>
  </ItemGroup>
</Project>