<?xml version="1.0" encoding="utf-8"?>
<Project ToolsVersion="4.0" xmlns="http://schemas.microsoft.com/developer/msbuild/2003">
  <ItemGroup>
    <Filter Include="src">
      <UniqueIdentifier>{4FC737F1-C7A5-4376-A066-2A32D752A2FF}</UniqueIdentifier>
      <Extensions>cpp;c;cc;cxx;c++;cppm;ixx;def;odl;idl;hpj;bat;asm;asmx</Extensions>
    </Filter>
    <Filter Include="src\shaders">
      <UniqueIdentifier>{de088b15-461b-405a-b9be-22a0a91e756c}</UniqueIdentifier>
    </Filter>
    <Filter Include="src\Launcher">
      <UniqueIdentifier>{5be727a7-0a49-4108-810b-c937c23b98c4}</UniqueIdentifier>
    </Filter>
  </ItemGroup>
  <ItemGroup>
    <None Include="src\shaders\viewer.vert">
      <Filter>src\shaders</Filter>
    </None>
    <None Include="src\shaders\viewer.frag">
      <Filter>src\shaders</Filter>
    </None>
  </ItemGroup>
  <ItemGroup>
    <ClCompile Include="src\main.cpp">
      <Filter>src</Filter>
    </ClCompile>
    <ClCompile Include="src\Launcher\layer_launcher.cpp">
      <Filter>src\Launcher</Filter>
    </ClCompile>
  </ItemGroup>
  <ItemGroup>
    <ClInclude Include="src\Launcher\layer_launcher.h">
      <Filter>src\Launcher</Filter>
    </ClInclude>
  </ItemGroup>
</Project>