<?xml version="1.0" encoding="utf-8"?>
<Project ToolsVersion="4.0" xmlns="http://schemas.microsoft.com/developer/msbuild/2003">
  <ItemGroup>
    <Filter Include="src">
      <UniqueIdentifier>{4FC737F1-C7A5-4376-A066-2A32D752A2FF}</UniqueIdentifier>
      <Extensions>cpp;c;cc;cxx;c++;cppm;ixx;def;odl;idl;hpj;bat;asm;asmx</Extensions>
    </Filter>
    <Filter Include="assets">
      <UniqueIdentifier>{67DA6AB6-F800-4c08-8B7A-83BB121AAD01}</UniqueIdentifier>
      <Extensions>rc;ico;cur;bmp;dlg;rc2;rct;bin;rgs;gif;jpg;jpeg;jpe;resx;tiff;tif;png;wav;mfcribbon-ms</Extensions>
    </Filter>
    <Filter Include="assets\shaders">
      <UniqueIdentifier>{93995380-89BD-4b04-88EB-625FBE52EBFB}</UniqueIdentifier>
      <Extensions>h;hh;hpp;hxx;h++;hm;inl;inc;ipp;xsd</Extensions>
    </Filter>
    <Filter Include="src\Components">
      <UniqueIdentifier>{1c96e905-1d7f-43ee-a0cc-952edc8fa203}</UniqueIdentifier>
    </Filter>
    <Filter Include="src\States">
      <UniqueIdentifier>{e84ef713-2812-4b04-9091-1f52639b5da8}</UniqueIdentifier>
    </Filter>
    <Filter Include="src\Layers">
      <UniqueIdentifier>{626e8e87-8439-4b10-8a40-d02243f34136}</UniqueIdentifier>
    </Filter>
  </ItemGroup>
  <ItemGroup>
    <ClCompile Include="src\Components\Components.cpp">
      <Filter>src\Components</Filter>
    </ClCompile>
    <ClCompile Include="src\States\mainstate.cpp">
      <Filter>src\States</Filter>
    </ClCompile>
    <ClCompile Include="src\Layers\mainlayer.cpp">
      <Filter>src\Layers</Filter>
    </ClCompile>
    <ClCompile Include="src\main.cpp">
      <Filter>src</Filter>
    </ClCompile>
  </ItemGroup>
  <ItemGroup>
    <ClInclude Include="src\Components\Components.h">
      <Filter>src\Components</Filter>
    </ClInclude>
    <ClInclude Include="src\States\mainstate.h">
      <Filter>src\States</Filter>
    </ClInclude>
    <ClInclude Include="src\Layers\mainlayer.h">
      <Filter>src\Layers</Filter>
    </ClInclude>
    <ClInclude Include="src\States.h">
      <Filter>src</Filter>
    </ClInclude>
    <ClInclude Include="src\Layers.h">
      <Filter>src</Filter>
    </ClInclude>
  </ItemGroup>
  <ItemGroup>
    <None Include="assets\shaders\renderer.frag">
      <Filter>assets\shaders</Filter>
    </None>
    <None Include="assets\shaders\renderer.vert">
      <Filter>assets\shaders</Filter>
    </None>
  </ItemGroup>
</Project>